
Microsoft Visual Studio Solution File, Format Version 12.00
# Visual Studio Version 16
VisualStudioVersion = 16.0.30114.105
MinimumVisualStudioVersion = 10.0.40219.1
Project("{FAE04EC0-301F-11D3-BF4B-00C04F79EFBC}") = "R5T.Solutas.Megara", "R5T.Solutas.Megara\R5T.Solutas.Megara.csproj", "{AFD542B1-AAD1-48D5-83EB-FA9E73886FE6}"
EndProject
Project("{FAE04EC0-301F-11D3-BF4B-00C04F79EFBC}") = "R5T.Solutas.Megara.Construction", "R5T.Solutas.Megara.Construction\R5T.Solutas.Megara.Construction.csproj", "{C62D5099-217B-49C2-A1E6-96CB9930D984}"
EndProject
Project("{FAE04EC0-301F-11D3-BF4B-00C04F79EFBC}") = "R5T.Solutas.Megara.Testing", "R5T.Solutas.Megara.Testing\R5T.Solutas.Megara.Testing.csproj", "{5D69EE0B-D3CB-43EC-BDFD-871E8D3D9772}"
EndProject
Global
	GlobalSection(SolutionConfigurationPlatforms) = preSolution
		Debug|Any CPU = Debug|Any CPU
		Debug|x64 = Debug|x64
		Debug|x86 = Debug|x86
		Release|Any CPU = Release|Any CPU
		Release|x64 = Release|x64
		Release|x86 = Release|x86
	EndGlobalSection
	GlobalSection(SolutionProperties) = preSolution
		HideSolutionNode = FALSE
	EndGlobalSection
	GlobalSection(ProjectConfigurationPlatforms) = postSolution
		{AFD542B1-AAD1-48D5-83EB-FA9E73886FE6}.Debug|Any CPU.ActiveCfg = Debug|Any CPU
		{AFD542B1-AAD1-48D5-83EB-FA9E73886FE6}.Debug|Any CPU.Build.0 = Debug|Any CPU
		{AFD542B1-AAD1-48D5-83EB-FA9E73886FE6}.Debug|x64.ActiveCfg = Debug|Any CPU
		{AFD542B1-AAD1-48D5-83EB-FA9E73886FE6}.Debug|x64.Build.0 = Debug|Any CPU
		{AFD542B1-AAD1-48D5-83EB-FA9E73886FE6}.Debug|x86.ActiveCfg = Debug|Any CPU
		{AFD542B1-AAD1-48D5-83EB-FA9E73886FE6}.Debug|x86.Build.0 = Debug|Any CPU
		{AFD542B1-AAD1-48D5-83EB-FA9E73886FE6}.Release|Any CPU.ActiveCfg = Release|Any CPU
		{AFD542B1-AAD1-48D5-83EB-FA9E73886FE6}.Release|Any CPU.Build.0 = Release|Any CPU
		{AFD542B1-AAD1-48D5-83EB-FA9E73886FE6}.Release|x64.ActiveCfg = Release|Any CPU
		{AFD542B1-AAD1-48D5-83EB-FA9E73886FE6}.Release|x64.Build.0 = Release|Any CPU
		{AFD542B1-AAD1-48D5-83EB-FA9E73886FE6}.Release|x86.ActiveCfg = Release|Any CPU
		{AFD542B1-AAD1-48D5-83EB-FA9E73886FE6}.Release|x86.Build.0 = Release|Any CPU
		{C62D5099-217B-49C2-A1E6-96CB9930D984}.Debug|Any CPU.ActiveCfg = Debug|Any CPU
		{C62D5099-217B-49C2-A1E6-96CB9930D984}.Debug|Any CPU.Build.0 = Debug|Any CPU
		{C62D5099-217B-49C2-A1E6-96CB9930D984}.Debug|x64.ActiveCfg = Debug|Any CPU
		{C62D5099-217B-49C2-A1E6-96CB9930D984}.Debug|x64.Build.0 = Debug|Any CPU
		{C62D5099-217B-49C2-A1E6-96CB9930D984}.Debug|x86.ActiveCfg = Debug|Any CPU
		{C62D5099-217B-49C2-A1E6-96CB9930D984}.Debug|x86.Build.0 = Debug|Any CPU
		{C62D5099-217B-49C2-A1E6-96CB9930D984}.Release|Any CPU.ActiveCfg = Release|Any CPU
		{C62D5099-217B-49C2-A1E6-96CB9930D984}.Release|Any CPU.Build.0 = Release|Any CPU
		{C62D5099-217B-49C2-A1E6-96CB9930D984}.Release|x64.ActiveCfg = Release|Any CPU
		{C62D5099-217B-49C2-A1E6-96CB9930D984}.Release|x64.Build.0 = Release|Any CPU
		{C62D5099-217B-49C2-A1E6-96CB9930D984}.Release|x86.ActiveCfg = Release|Any CPU
		{C62D5099-217B-49C2-A1E6-96CB9930D984}.Release|x86.Build.0 = Release|Any CPU
		{5D69EE0B-D3CB-43EC-BDFD-871E8D3D9772}.Debug|Any CPU.ActiveCfg = Debug|Any CPU
		{5D69EE0B-D3CB-43EC-BDFD-871E8D3D9772}.Debug|Any CPU.Build.0 = Debug|Any CPU
		{5D69EE0B-D3CB-43EC-BDFD-871E8D3D9772}.Debug|x64.ActiveCfg = Debug|Any CPU
		{5D69EE0B-D3CB-43EC-BDFD-871E8D3D9772}.Debug|x64.Build.0 = Debug|Any CPU
		{5D69EE0B-D3CB-43EC-BDFD-871E8D3D9772}.Debug|x86.ActiveCfg = Debug|Any CPU
		{5D69EE0B-D3CB-43EC-BDFD-871E8D3D9772}.Debug|x86.Build.0 = Debug|Any CPU
		{5D69EE0B-D3CB-43EC-BDFD-871E8D3D9772}.Release|Any CPU.ActiveCfg = Release|Any CPU
		{5D69EE0B-D3CB-43EC-BDFD-871E8D3D9772}.Release|Any CPU.Build.0 = Release|Any CPU
		{5D69EE0B-D3CB-43EC-BDFD-871E8D3D9772}.Release|x64.ActiveCfg = Release|Any CPU
		{5D69EE0B-D3CB-43EC-BDFD-871E8D3D9772}.Release|x64.Build.0 = Release|Any CPU
		{5D69EE0B-D3CB-43EC-BDFD-871E8D3D9772}.Release|x86.ActiveCfg = Release|Any CPU
		{5D69EE0B-D3CB-43EC-BDFD-871E8D3D9772}.Release|x86.Build.0 = Release|Any CPU
	EndGlobalSection
EndGlobal
